Microsoft Visual Studio Solution File, Format Version 12.00
# Visual Studio Version 17
VisualStudioVersion = 17.5.2.0
MinimumVisualStudioVersion = 10.0.40219.1
Project("{FAE04EC0-301F-11D3-BF4B-00C04F79EFBC}") = "Hashtable", "Hashtable.csproj", "{E298724D-4C56-A7AF-4D9F-2BD49A8173D2}"
EndProject
Global
	GlobalSection(SolutionConfigurationPlatforms) = preSolution
		Debug|Any CPU = Debug|Any CPU
		Release|Any CPU = Release|Any CPU
	EndGlobalSection
	GlobalSection(ProjectConfigurationPlatforms) = postSolution
		{E298724D-4C56-A7AF-4D9F-2BD49A8173D2}.Debug|Any CPU.ActiveCfg = Debug|Any CPU
		{E298724D-4C56-A7AF-4D9F-2BD49A8173D2}.Debug|Any CPU.Build.0 = Debug|Any CPU
		{E298724D-4C56-A7AF-4D9F-2BD49A8173D2}.Release|Any CPU.ActiveCfg = Release|Any CPU
		{E298724D-4C56-A7AF-4D9F-2BD49A8173D2}.Release|Any CPU.Build.0 = Release|Any CPU
	EndGlobalSection
	GlobalSection(SolutionProperties) = preSolution
		HideSolutionNode = FALSE
	EndGlobalSection
	GlobalSection(ExtensibilityGlobals) = postSolution
		SolutionGuid = {3C7A413E-89D4-4331-87C3-7A1784F45638}
	EndGlobalSection
EndGlobal
